
Microsoft Visual Studio Solution File, Format Version 12.00
# Visual Studio Version 16
VisualStudioVersion = 16.0.29911.84
MinimumVisualStudioVersion = 10.0.40219.1
Project("{FAE04EC0-301F-11D3-BF4B-00C04F79EFBC}") = "EvaluationTest", "EvaluationTest.csproj", "{DD1724CB-64B7-42AA-830A-F8D6CBB23122}"
EndProject
Global
	GlobalSection(SolutionConfigurationPlatforms) = preSolution
		Debug|Any CPU = Debug|Any CPU
		Release|Any CPU = Release|Any CPU
	EndGlobalSection
	GlobalSection(ProjectConfigurationPlatforms) = postSolution
		{DD1724CB-64B7-42AA-830A-F8D6CBB23122}.Debug|Any CPU.ActiveCfg = Debug|Any CPU
		{DD1724CB-64B7-42AA-830A-F8D6CBB23122}.Debug|Any CPU.Build.0 = Debug|Any CPU
		{DD1724CB-64B7-42AA-830A-F8D6CBB23122}.Release|Any CPU.ActiveCfg = Release|Any CPU
		{DD1724CB-64B7-42AA-830A-F8D6CBB23122}.Release|Any CPU.Build.0 = Release|Any CPU
	EndGlobalSection
	GlobalSection(SolutionProperties) = preSolution
		HideSolutionNode = FALSE
	EndGlobalSection
	GlobalSection(ExtensibilityGlobals) = postSolution
		SolutionGuid = {62FC0368-EEB8-4712-8BA7-340E1BE4FAE3}
	EndGlobalSection
EndGlobal
